
Microsoft Visual Studio Solution File, Format Version 12.00
# Visual Studio Version 16
VisualStudioVersion = 16.0.29926.136
MinimumVisualStudioVersion = 10.0.40219.1
Project("{FAE04EC0-301F-11D3-BF4B-00C04F79EFBC}") = "lmDatasets", "lmDatasets\lmDatasets.csproj", "{9F21694A-11AD-43DB-8DB8-62F4E52684AB}"
EndProject
Project("{FAE04EC0-301F-11D3-BF4B-00C04F79EFBC}") = "atDates", "atDates\atDates.csproj", "{B9C1627D-F333-484E-8B2E-54DDF3EDE336}"
EndProject
Project("{FAE04EC0-301F-11D3-BF4B-00C04F79EFBC}") = "atDAL", "atLayers\atDAL.csproj", "{4EAB95B9-EF29-4B01-80F6-1911AD5AC313}"
EndProject
Project("{FAE04EC0-301F-11D3-BF4B-00C04F79EFBC}") = "atLogic", "atLogic\atLogic.csproj", "{2C02D0C1-3DA4-448C-AF1E-39ABC558B0D7}"
EndProject
Project("{FAE04EC0-301F-11D3-BF4B-00C04F79EFBC}") = "atriumBE", "atriumBE\atriumBE.csproj", "{1CAFC739-5ADC-4205-A2C9-A4157126071D}"
EndProject
Project("{FAE04EC0-301F-11D3-BF4B-00C04F79EFBC}") = "atriumDAL", "atriumDAL\atriumDAL.csproj", "{1C4FA2F9-056B-4D21-85D5-41938478EDC4}"
EndProject
Project("{FAE04EC0-301F-11D3-BF4B-00C04F79EFBC}") = "atWeb", "atWeb\atWeb.csproj", "{328500D3-BCF7-4679-92F4-8DDCC6F7D1C8}"
EndProject
Project("{FAE04EC0-301F-11D3-BF4B-00C04F79EFBC}") = "LawMate", "LawMate\LawMate.csproj", "{FF5B82D3-10B0-4443-8AF9-305F4D9AA54F}"
EndProject
Project("{FAE04EC0-301F-11D3-BF4B-00C04F79EFBC}") = "lmras", "lmras\lmras.csproj", "{BCA63C17-7B9A-4AE4-84BF-7DC9D4BB9210}"
EndProject
Global
	GlobalSection(SolutionConfigurationPlatforms) = preSolution
		Debug Remote|Any CPU = Debug Remote|Any CPU
		Debug Remote|x86 = Debug Remote|x86
		Debug|Any CPU = Debug|Any CPU
		Debug|x86 = Debug|x86
		Release 32|Any CPU = Release 32|Any CPU
		Release 32|x86 = Release 32|x86
		Release|Any CPU = Release|Any CPU
		Release|x86 = Release|x86
	EndGlobalSection
	GlobalSection(ProjectConfigurationPlatforms) = postSolution
		{9F21694A-11AD-43DB-8DB8-62F4E52684AB}.Debug Remote|Any CPU.ActiveCfg = Debug Remote|Any CPU
		{9F21694A-11AD-43DB-8DB8-62F4E52684AB}.Debug Remote|Any CPU.Build.0 = Debug Remote|Any CPU
		{9F21694A-11AD-43DB-8DB8-62F4E52684AB}.Debug Remote|x86.ActiveCfg = Debug Remote|Any CPU
		{9F21694A-11AD-43DB-8DB8-62F4E52684AB}.Debug Remote|x86.Build.0 = Debug Remote|Any CPU
		{9F21694A-11AD-43DB-8DB8-62F4E52684AB}.Debug|Any CPU.ActiveCfg = Debug|Any CPU
		{9F21694A-11AD-43DB-8DB8-62F4E52684AB}.Debug|Any CPU.Build.0 = Debug|Any CPU
		{9F21694A-11AD-43DB-8DB8-62F4E52684AB}.Debug|x86.ActiveCfg = Debug|Any CPU
		{9F21694A-11AD-43DB-8DB8-62F4E52684AB}.Debug|x86.Build.0 = Debug|Any CPU
		{9F21694A-11AD-43DB-8DB8-62F4E52684AB}.Release 32|Any CPU.ActiveCfg = Release|Any CPU
		{9F21694A-11AD-43DB-8DB8-62F4E52684AB}.Release 32|Any CPU.Build.0 = Release|Any CPU
		{9F21694A-11AD-43DB-8DB8-62F4E52684AB}.Release 32|x86.ActiveCfg = Release|Any CPU
		{9F21694A-11AD-43DB-8DB8-62F4E52684AB}.Release 32|x86.Build.0 = Release|Any CPU
		{9F21694A-11AD-43DB-8DB8-62F4E52684AB}.Release|Any CPU.ActiveCfg = Release|Any CPU
		{9F21694A-11AD-43DB-8DB8-62F4E52684AB}.Release|Any CPU.Build.0 = Release|Any CPU
		{9F21694A-11AD-43DB-8DB8-62F4E52684AB}.Release|x86.ActiveCfg = Release|Any CPU
		{9F21694A-11AD-43DB-8DB8-62F4E52684AB}.Release|x86.Build.0 = Release|Any CPU
		{B9C1627D-F333-484E-8B2E-54DDF3EDE336}.Debug Remote|Any CPU.ActiveCfg = Debug Remote|Any CPU
		{B9C1627D-F333-484E-8B2E-54DDF3EDE336}.Debug Remote|Any CPU.Build.0 = Debug Remote|Any CPU
		{B9C1627D-F333-484E-8B2E-54DDF3EDE336}.Debug Remote|x86.ActiveCfg = Debug Remote|x86
		{B9C1627D-F333-484E-8B2E-54DDF3EDE336}.Debug Remote|x86.Build.0 = Debug Remote|x86
		{B9C1627D-F333-484E-8B2E-54DDF3EDE336}.Debug|Any CPU.ActiveCfg = Debug|Any CPU
		{B9C1627D-F333-484E-8B2E-54DDF3EDE336}.Debug|Any CPU.Build.0 = Debug|Any CPU
		{B9C1627D-F333-484E-8B2E-54DDF3EDE336}.Debug|x86.ActiveCfg = Debug|x86
		{B9C1627D-F333-484E-8B2E-54DDF3EDE336}.Debug|x86.Build.0 = Debug|x86
		{B9C1627D-F333-484E-8B2E-54DDF3EDE336}.Release 32|Any CPU.ActiveCfg = Release 32|Any CPU
		{B9C1627D-F333-484E-8B2E-54DDF3EDE336}.Release 32|Any CPU.Build.0 = Release 32|Any CPU
		{B9C1627D-F333-484E-8B2E-54DDF3EDE336}.Release 32|x86.ActiveCfg = Release 32|x86
		{B9C1627D-F333-484E-8B2E-54DDF3EDE336}.Release 32|x86.Build.0 = Release 32|x86
		{B9C1627D-F333-484E-8B2E-54DDF3EDE336}.Release|Any CPU.ActiveCfg = Release|Any CPU
		{B9C1627D-F333-484E-8B2E-54DDF3EDE336}.Release|Any CPU.Build.0 = Release|Any CPU
		{B9C1627D-F333-484E-8B2E-54DDF3EDE336}.Release|x86.ActiveCfg = Release|x86
		{B9C1627D-F333-484E-8B2E-54DDF3EDE336}.Release|x86.Build.0 = Release|x86
		{4EAB95B9-EF29-4B01-80F6-1911AD5AC313}.Debug Remote|Any CPU.ActiveCfg = Debug Remote|Any CPU
		{4EAB95B9-EF29-4B01-80F6-1911AD5AC313}.Debug Remote|Any CPU.Build.0 = Debug Remote|Any CPU
		{4EAB95B9-EF29-4B01-80F6-1911AD5AC313}.Debug Remote|x86.ActiveCfg = Debug Remote|Any CPU
		{4EAB95B9-EF29-4B01-80F6-1911AD5AC313}.Debug Remote|x86.Build.0 = Debug Remote|Any CPU
		{4EAB95B9-EF29-4B01-80F6-1911AD5AC313}.Debug|Any CPU.ActiveCfg = Debug|Any CPU
		{4EAB95B9-EF29-4B01-80F6-1911AD5AC313}.Debug|Any CPU.Build.0 = Debug|Any CPU
		{4EAB95B9-EF29-4B01-80F6-1911AD5AC313}.Debug|x86.ActiveCfg = Debug|Any CPU
		{4EAB95B9-EF29-4B01-80F6-1911AD5AC313}.Debug|x86.Build.0 = Debug|Any CPU
		{4EAB95B9-EF29-4B01-80F6-1911AD5AC313}.Release 32|Any CPU.ActiveCfg = Release|Any CPU
		{4EAB95B9-EF29-4B01-80F6-1911AD5AC313}.Release 32|Any CPU.Build.0 = Release|Any CPU
		{4EAB95B9-EF29-4B01-80F6-1911AD5AC313}.Release 32|x86.ActiveCfg = Release|Any CPU
		{4EAB95B9-EF29-4B01-80F6-1911AD5AC313}.Release 32|x86.Build.0 = Release|Any CPU
		{4EAB95B9-EF29-4B01-80F6-1911AD5AC313}.Release|Any CPU.ActiveCfg = Release|Any CPU
		{4EAB95B9-EF29-4B01-80F6-1911AD5AC313}.Release|Any CPU.Build.0 = Release|Any CPU
		{4EAB95B9-EF29-4B01-80F6-1911AD5AC313}.Release|x86.ActiveCfg = Release|Any CPU
		{4EAB95B9-EF29-4B01-80F6-1911AD5AC313}.Release|x86.Build.0 = Release|Any CPU
		{2C02D0C1-3DA4-448C-AF1E-39ABC558B0D7}.Debug Remote|Any CPU.ActiveCfg = Debug Remote|Any CPU
		{2C02D0C1-3DA4-448C-AF1E-39ABC558B0D7}.Debug Remote|Any CPU.Build.0 = Debug Remote|Any CPU
		{2C02D0C1-3DA4-448C-AF1E-39ABC558B0D7}.Debug Remote|x86.ActiveCfg = Debug Remote|x86
		{2C02D0C1-3DA4-448C-AF1E-39ABC558B0D7}.Debug Remote|x86.Build.0 = Debug Remote|x86
		{2C02D0C1-3DA4-448C-AF1E-39ABC558B0D7}.Debug|Any CPU.ActiveCfg = Debug|Any CPU
		{2C02D0C1-3DA4-448C-AF1E-39ABC558B0D7}.Debug|Any CPU.Build.0 = Debug|Any CPU
		{2C02D0C1-3DA4-448C-AF1E-39ABC558B0D7}.Debug|x86.ActiveCfg = Debug|x86
		{2C02D0C1-3DA4-448C-AF1E-39ABC558B0D7}.Debug|x86.Build.0 = Debug|x86
		{2C02D0C1-3DA4-448C-AF1E-39ABC558B0D7}.Release 32|Any CPU.ActiveCfg = Release 32|Any CPU
		{2C02D0C1-3DA4-448C-AF1E-39ABC558B0D7}.Release 32|Any CPU.Build.0 = Release 32|Any CPU
		{2C02D0C1-3DA4-448C-AF1E-39ABC558B0D7}.Release 32|x86.ActiveCfg = Release 32|x86
		{2C02D0C1-3DA4-448C-AF1E-39ABC558B0D7}.Release 32|x86.Build.0 = Release 32|x86
		{2C02D0C1-3DA4-448C-AF1E-39ABC558B0D7}.Release|Any CPU.ActiveCfg = Release|Any CPU
		{2C02D0C1-3DA4-448C-AF1E-39ABC558B0D7}.Release|Any CPU.Build.0 = Release|Any CPU
		{2C02D0C1-3DA4-448C-AF1E-39ABC558B0D7}.Release|x86.ActiveCfg = Release|x86
		{2C02D0C1-3DA4-448C-AF1E-39ABC558B0D7}.Release|x86.Build.0 = Release|x86
		{1CAFC739-5ADC-4205-A2C9-A4157126071D}.Debug Remote|Any CPU.ActiveCfg = Debug Remote|Any CPU
		{1CAFC739-5ADC-4205-A2C9-A4157126071D}.Debug Remote|Any CPU.Build.0 = Debug Remote|Any CPU
		{1CAFC739-5ADC-4205-A2C9-A4157126071D}.Debug Remote|x86.ActiveCfg = Debug Remote|x86
		{1CAFC739-5ADC-4205-A2C9-A4157126071D}.Debug Remote|x86.Build.0 = Debug Remote|x86
		{1CAFC739-5ADC-4205-A2C9-A4157126071D}.Debug|Any CPU.ActiveCfg = Debug|Any CPU
		{1CAFC739-5ADC-4205-A2C9-A4157126071D}.Debug|Any CPU.Build.0 = Debug|Any CPU
		{1CAFC739-5ADC-4205-A2C9-A4157126071D}.Debug|x86.ActiveCfg = Debug|x86
		{1CAFC739-5ADC-4205-A2C9-A4157126071D}.Debug|x86.Build.0 = Debug|x86
		{1CAFC739-5ADC-4205-A2C9-A4157126071D}.Release 32|Any CPU.ActiveCfg = Release 32|Any CPU
		{1CAFC739-5ADC-4205-A2C9-A4157126071D}.Release 32|Any CPU.Build.0 = Release 32|Any CPU
		{1CAFC739-5ADC-4205-A2C9-A4157126071D}.Release 32|x86.ActiveCfg = Release 32|x86
		{1CAFC739-5ADC-4205-A2C9-A4157126071D}.Release 32|x86.Build.0 = Release 32|x86
		{1CAFC739-5ADC-4205-A2C9-A4157126071D}.Release|Any CPU.ActiveCfg = Release|Any CPU
		{1CAFC739-5ADC-4205-A2C9-A4157126071D}.Release|Any CPU.Build.0 = Release|Any CPU
		{1CAFC739-5ADC-4205-A2C9-A4157126071D}.Release|x86.ActiveCfg = Release|x86
		{1CAFC739-5ADC-4205-A2C9-A4157126071D}.Release|x86.Build.0 = Release|x86
		{1C4FA2F9-056B-4D21-85D5-41938478EDC4}.Debug Remote|Any CPU.ActiveCfg = Debug Remote|Any CPU
		{1C4FA2F9-056B-4D21-85D5-41938478EDC4}.Debug Remote|Any CPU.Build.0 = Debug Remote|Any CPU
		{1C4FA2F9-056B-4D21-85D5-41938478EDC4}.Debug Remote|x86.ActiveCfg = Debug Remote|Any CPU
		{1C4FA2F9-056B-4D21-85D5-41938478EDC4}.Debug Remote|x86.Build.0 = Debug Remote|Any CPU
		{1C4FA2F9-056B-4D21-85D5-41938478EDC4}.Debug|Any CPU.ActiveCfg = Debug|Any CPU
		{1C4FA2F9-056B-4D21-85D5-41938478EDC4}.Debug|Any CPU.Build.0 = Debug|Any CPU
		{1C4FA2F9-056B-4D21-85D5-41938478EDC4}.Debug|x86.ActiveCfg = Debug|Any CPU
		{1C4FA2F9-056B-4D21-85D5-41938478EDC4}.Debug|x86.Build.0 = Debug|Any CPU
		{1C4FA2F9-056B-4D21-85D5-41938478EDC4}.Release 32|Any CPU.ActiveCfg = Release|Any CPU
		{1C4FA2F9-056B-4D21-85D5-41938478EDC4}.Release 32|Any CPU.Build.0 = Release|Any CPU
		{1C4FA2F9-056B-4D21-85D5-41938478EDC4}.Release 32|x86.ActiveCfg = Release|Any CPU
		{1C4FA2F9-056B-4D21-85D5-41938478EDC4}.Release 32|x86.Build.0 = Release|Any CPU
		{1C4FA2F9-056B-4D21-85D5-41938478EDC4}.Release|Any CPU.ActiveCfg = Release|Any CPU
		{1C4FA2F9-056B-4D21-85D5-41938478EDC4}.Release|Any CPU.Build.0 = Release|Any CPU
		{1C4FA2F9-056B-4D21-85D5-41938478EDC4}.Release|x86.ActiveCfg = Release|Any CPU
		{1C4FA2F9-056B-4D21-85D5-41938478EDC4}.Release|x86.Build.0 = Release|Any CPU
		{328500D3-BCF7-4679-92F4-8DDCC6F7D1C8}.Debug Remote|Any CPU.ActiveCfg = Debug|Any CPU
		{328500D3-BCF7-4679-92F4-8DDCC6F7D1C8}.Debug Remote|Any CPU.Build.0 = Debug|Any CPU
		{328500D3-BCF7-4679-92F4-8DDCC6F7D1C8}.Debug Remote|x86.ActiveCfg = Debug|Any CPU
		{328500D3-BCF7-4679-92F4-8DDCC6F7D1C8}.Debug Remote|x86.Build.0 = Debug|Any CPU
		{328500D3-BCF7-4679-92F4-8DDCC6F7D1C8}.Debug|Any CPU.ActiveCfg = Debug|Any CPU
		{328500D3-BCF7-4679-92F4-8DDCC6F7D1C8}.Debug|Any CPU.Build.0 = Debug|Any CPU
		{328500D3-BCF7-4679-92F4-8DDCC6F7D1C8}.Debug|x86.ActiveCfg = Debug|Any CPU
		{328500D3-BCF7-4679-92F4-8DDCC6F7D1C8}.Debug|x86.Build.0 = Debug|Any CPU
		{328500D3-BCF7-4679-92F4-8DDCC6F7D1C8}.Release 32|Any CPU.ActiveCfg = Release|Any CPU
		{328500D3-BCF7-4679-92F4-8DDCC6F7D1C8}.Release 32|Any CPU.Build.0 = Release|Any CPU
		{328500D3-BCF7-4679-92F4-8DDCC6F7D1C8}.Release 32|x86.ActiveCfg = Release|Any CPU
		{328500D3-BCF7-4679-92F4-8DDCC6F7D1C8}.Release 32|x86.Build.0 = Release|Any CPU
		{328500D3-BCF7-4679-92F4-8DDCC6F7D1C8}.Release|Any CPU.ActiveCfg = Release|Any CPU
		{328500D3-BCF7-4679-92F4-8DDCC6F7D1C8}.Release|Any CPU.Build.0 = Release|Any CPU
		{328500D3-BCF7-4679-92F4-8DDCC6F7D1C8}.Release|x86.ActiveCfg = Release|Any CPU
		{328500D3-BCF7-4679-92F4-8DDCC6F7D1C8}.Release|x86.Build.0 = Release|Any CPU
		{FF5B82D3-10B0-4443-8AF9-305F4D9AA54F}.Debug Remote|Any CPU.ActiveCfg = Debug|Any CPU
		{FF5B82D3-10B0-4443-8AF9-305F4D9AA54F}.Debug Remote|Any CPU.Build.0 = Debug|Any CPU
		{FF5B82D3-10B0-4443-8AF9-305F4D9AA54F}.Debug Remote|x86.ActiveCfg = Debug|x86
		{FF5B82D3-10B0-4443-8AF9-305F4D9AA54F}.Debug Remote|x86.Build.0 = Debug|x86
		{FF5B82D3-10B0-4443-8AF9-305F4D9AA54F}.Debug|Any CPU.ActiveCfg = Debug|Any CPU
		{FF5B82D3-10B0-4443-8AF9-305F4D9AA54F}.Debug|Any CPU.Build.0 = Debug|Any CPU
		{FF5B82D3-10B0-4443-8AF9-305F4D9AA54F}.Debug|x86.ActiveCfg = Debug|x86
		{FF5B82D3-10B0-4443-8AF9-305F4D9AA54F}.Debug|x86.Build.0 = Debug|x86
		{FF5B82D3-10B0-4443-8AF9-305F4D9AA54F}.Release 32|Any CPU.ActiveCfg = Release 32|Any CPU
		{FF5B82D3-10B0-4443-8AF9-305F4D9AA54F}.Release 32|Any CPU.Build.0 = Release 32|Any CPU
		{FF5B82D3-10B0-4443-8AF9-305F4D9AA54F}.Release 32|x86.ActiveCfg = Release 32|x86
		{FF5B82D3-10B0-4443-8AF9-305F4D9AA54F}.Release 32|x86.Build.0 = Release 32|x86
		{FF5B82D3-10B0-4443-8AF9-305F4D9AA54F}.Release|Any CPU.ActiveCfg = Release|Any CPU
		{FF5B82D3-10B0-4443-8AF9-305F4D9AA54F}.Release|Any CPU.Build.0 = Release|Any CPU
		{FF5B82D3-10B0-4443-8AF9-305F4D9AA54F}.Release|x86.ActiveCfg = Release|x86
		{FF5B82D3-10B0-4443-8AF9-305F4D9AA54F}.Release|x86.Build.0 = Release|x86
		{BCA63C17-7B9A-4AE4-84BF-7DC9D4BB9210}.Debug Remote|Any CPU.ActiveCfg = Debug|Any CPU
		{BCA63C17-7B9A-4AE4-84BF-7DC9D4BB9210}.Debug Remote|Any CPU.Build.0 = Debug|Any CPU
		{BCA63C17-7B9A-4AE4-84BF-7DC9D4BB9210}.Debug Remote|x86.ActiveCfg = Debug|Any CPU
		{BCA63C17-7B9A-4AE4-84BF-7DC9D4BB9210}.Debug Remote|x86.Build.0 = Debug|Any CPU
		{BCA63C17-7B9A-4AE4-84BF-7DC9D4BB9210}.Debug|Any CPU.ActiveCfg = Debug|Any CPU
		{BCA63C17-7B9A-4AE4-84BF-7DC9D4BB9210}.Debug|Any CPU.Build.0 = Debug|Any CPU
		{BCA63C17-7B9A-4AE4-84BF-7DC9D4BB9210}.Debug|x86.ActiveCfg = Debug|Any CPU
		{BCA63C17-7B9A-4AE4-84BF-7DC9D4BB9210}.Debug|x86.Build.0 = Debug|Any CPU
		{BCA63C17-7B9A-4AE4-84BF-7DC9D4BB9210}.Release 32|Any CPU.ActiveCfg = Release|Any CPU
		{BCA63C17-7B9A-4AE4-84BF-7DC9D4BB9210}.Release 32|Any CPU.Build.0 = Release|Any CPU
		{BCA63C17-7B9A-4AE4-84BF-7DC9D4BB9210}.Release 32|x86.ActiveCfg = Release|Any CPU
		{BCA63C17-7B9A-4AE4-84BF-7DC9D4BB9210}.Release 32|x86.Build.0 = Release|Any CPU
		{BCA63C17-7B9A-4AE4-84BF-7DC9D4BB9210}.Release|Any CPU.ActiveCfg = Release|Any CPU
		{BCA63C17-7B9A-4AE4-84BF-7DC9D4BB9210}.Release|Any CPU.Build.0 = Release|Any CPU
		{BCA63C17-7B9A-4AE4-84BF-7DC9D4BB9210}.Release|x86.ActiveCfg = Release|Any CPU
		{BCA63C17-7B9A-4AE4-84BF-7DC9D4BB9210}.Release|x86.Build.0 = Release|Any CPU
	EndGlobalSection
	GlobalSection(SolutionProperties) = preSolution
		HideSolutionNode = FALSE
	EndGlobalSection
	GlobalSection(ExtensibilityGlobals) = postSolution
		SolutionGuid = {38A4DC4C-55DC-4217-9029-B63EEECF86C9}
	EndGlobalSection
EndGlobal
